
Microsoft Visual Studio Solution File, Format Version 11.00
# Visual Studio 2010
Project("{FAE04EC0-301F-11D3-BF4B-00C04F79EFBC}") = "Rasus", "Rasus\Rasus.csproj", "{623E5F13-29E7-411B-A4FD-B03E25C45C0B}"
EndProject
Global
	GlobalSection(SubversionScc) = preSolution
		Svn-Managed = True
		Manager = AnkhSVN - Subversion Support for Visual Studio
	EndGlobalSection
	GlobalSection(SolutionConfigurationPlatforms) = preSolution
		Debug|x86 = Debug|x86
		Release|x86 = Release|x86
	EndGlobalSection
	GlobalSection(ProjectConfigurationPlatforms) = postSolution
		{623E5F13-29E7-411B-A4FD-B03E25C45C0B}.Debug|x86.ActiveCfg = Debug|x86
		{623E5F13-29E7-411B-A4FD-B03E25C45C0B}.Debug|x86.Build.0 = Debug|x86
		{623E5F13-29E7-411B-A4FD-B03E25C45C0B}.Release|x86.ActiveCfg = Release|x86
		{623E5F13-29E7-411B-A4FD-B03E25C45C0B}.Release|x86.Build.0 = Release|x86
	EndGlobalSection
	GlobalSection(SolutionProperties) = preSolution
		HideSolutionNode = FALSE
	EndGlobalSection
EndGlobal
